
Microsoft Visual Studio Solution File, Format Version 12.00
# Visual Studio 14
VisualStudioVersion = 14.0.23107.0
MinimumVisualStudioVersion = 10.0.40219.1
Project("{FAE04EC0-301F-11D3-BF4B-00C04F79EFBC}") = "AjaxHub.v400", "src\AjaxHub.v400.csproj", "{AA7888A1-E7B4-477F-924E-BF97964B17FA}"
EndProject
Project("{FAE04EC0-301F-11D3-BF4B-00C04F79EFBC}") = "AjaxHub.v450", "src\AjaxHub.v450.csproj", "{AB671C38-A55E-4E17-B3F5-09F8B3C5E0BB}"
EndProject
Project("{FAE04EC0-301F-11D3-BF4B-00C04F79EFBC}") = "AjaxHub.v451", "src\AjaxHub.v451.csproj", "{18F233CB-B73B-460A-ACBD-9CF1019D8ACA}"
EndProject
Project("{FAE04EC0-301F-11D3-BF4B-00C04F79EFBC}") = "AjaxHub.v452", "src\AjaxHub.v452.csproj", "{C2B7F387-94B0-482E-9F50-8F394D2C1BB3}"
EndProject
Project("{FAE04EC0-301F-11D3-BF4B-00C04F79EFBC}") = "AjaxHub.v460", "src\AjaxHub.v460.csproj", "{D6C083CC-DC99-42E9-A557-4B7C514EFF5E}"
EndProject
Project("{FAE04EC0-301F-11D3-BF4B-00C04F79EFBC}") = "AjaxHub.v460.Test", "tests\AjaxHub.v460.Test\AjaxHub.v460.Test.csproj", "{29310F24-CDFA-48BA-9C16-289E46962D8C}"
EndProject
Project("{FAE04EC0-301F-11D3-BF4B-00C04F79EFBC}") = "AjaxHub.Sandbox.Asp46", "sandbox\AjaxHub.Sandbox.Asp46\AjaxHub.Sandbox.Asp46.csproj", "{5C901CD0-7C83-46C2-9931-A902F20FBB95}"
EndProject
Project("{8BB2217D-0F2D-49D1-97BC-3654ED321F3B}") = "AjaxHub.Sandbox.Asp5", "sandbox\AjaxHub.Sandbox.Asp5\AjaxHub.Sandbox.Asp5.xproj", "{C980E749-DDA4-4400-B2C4-79691C0C8032}"
EndProject
Project("{2150E333-8FDC-42A3-9474-1A3956D46DE8}") = "Solution Items", "Solution Items", "{744AB0EA-2ED7-494E-9BBA-AC5FB82FB9EA}"
	ProjectSection(SolutionItems) = preProject
		global.json = global.json
	EndProjectSection
EndProject
Global
	GlobalSection(SolutionConfigurationPlatforms) = preSolution
		Debug|Any CPU = Debug|Any CPU
		Release|Any CPU = Release|Any CPU
	EndGlobalSection
	GlobalSection(ProjectConfigurationPlatforms) = postSolution
		{AA7888A1-E7B4-477F-924E-BF97964B17FA}.Debug|Any CPU.ActiveCfg = Debug|Any CPU
		{AA7888A1-E7B4-477F-924E-BF97964B17FA}.Debug|Any CPU.Build.0 = Debug|Any CPU
		{AA7888A1-E7B4-477F-924E-BF97964B17FA}.Release|Any CPU.ActiveCfg = Release|Any CPU
		{AA7888A1-E7B4-477F-924E-BF97964B17FA}.Release|Any CPU.Build.0 = Release|Any CPU
		{AB671C38-A55E-4E17-B3F5-09F8B3C5E0BB}.Debug|Any CPU.ActiveCfg = Debug|Any CPU
		{AB671C38-A55E-4E17-B3F5-09F8B3C5E0BB}.Debug|Any CPU.Build.0 = Debug|Any CPU
		{AB671C38-A55E-4E17-B3F5-09F8B3C5E0BB}.Release|Any CPU.ActiveCfg = Release|Any CPU
		{AB671C38-A55E-4E17-B3F5-09F8B3C5E0BB}.Release|Any CPU.Build.0 = Release|Any CPU
		{18F233CB-B73B-460A-ACBD-9CF1019D8ACA}.Debug|Any CPU.ActiveCfg = Debug|Any CPU
		{18F233CB-B73B-460A-ACBD-9CF1019D8ACA}.Debug|Any CPU.Build.0 = Debug|Any CPU
		{18F233CB-B73B-460A-ACBD-9CF1019D8ACA}.Release|Any CPU.ActiveCfg = Release|Any CPU
		{18F233CB-B73B-460A-ACBD-9CF1019D8ACA}.Release|Any CPU.Build.0 = Release|Any CPU
		{C2B7F387-94B0-482E-9F50-8F394D2C1BB3}.Debug|Any CPU.ActiveCfg = Debug|Any CPU
		{C2B7F387-94B0-482E-9F50-8F394D2C1BB3}.Debug|Any CPU.Build.0 = Debug|Any CPU
		{C2B7F387-94B0-482E-9F50-8F394D2C1BB3}.Release|Any CPU.ActiveCfg = Release|Any CPU
		{C2B7F387-94B0-482E-9F50-8F394D2C1BB3}.Release|Any CPU.Build.0 = Release|Any CPU
		{D6C083CC-DC99-42E9-A557-4B7C514EFF5E}.Debug|Any CPU.ActiveCfg = Debug|Any CPU
		{D6C083CC-DC99-42E9-A557-4B7C514EFF5E}.Debug|Any CPU.Build.0 = Debug|Any CPU
		{D6C083CC-DC99-42E9-A557-4B7C514EFF5E}.Release|Any CPU.ActiveCfg = Release|Any CPU
		{D6C083CC-DC99-42E9-A557-4B7C514EFF5E}.Release|Any CPU.Build.0 = Release|Any CPU
		{29310F24-CDFA-48BA-9C16-289E46962D8C}.Debug|Any CPU.ActiveCfg = Debug|Any CPU
		{29310F24-CDFA-48BA-9C16-289E46962D8C}.Debug|Any CPU.Build.0 = Debug|Any CPU
		{29310F24-CDFA-48BA-9C16-289E46962D8C}.Release|Any CPU.ActiveCfg = Release|Any CPU
		{29310F24-CDFA-48BA-9C16-289E46962D8C}.Release|Any CPU.Build.0 = Release|Any CPU
		{5C901CD0-7C83-46C2-9931-A902F20FBB95}.Debug|Any CPU.ActiveCfg = Debug|Any CPU
		{5C901CD0-7C83-46C2-9931-A902F20FBB95}.Debug|Any CPU.Build.0 = Debug|Any CPU
		{5C901CD0-7C83-46C2-9931-A902F20FBB95}.Release|Any CPU.ActiveCfg = Release|Any CPU
		{5C901CD0-7C83-46C2-9931-A902F20FBB95}.Release|Any CPU.Build.0 = Release|Any CPU
		{C980E749-DDA4-4400-B2C4-79691C0C8032}.Debug|Any CPU.ActiveCfg = Debug|Any CPU
		{C980E749-DDA4-4400-B2C4-79691C0C8032}.Debug|Any CPU.Build.0 = Debug|Any CPU
		{C980E749-DDA4-4400-B2C4-79691C0C8032}.Release|Any CPU.ActiveCfg = Release|Any CPU
		{C980E749-DDA4-4400-B2C4-79691C0C8032}.Release|Any CPU.Build.0 = Release|Any CPU
	EndGlobalSection
	GlobalSection(SolutionProperties) = preSolution
		HideSolutionNode = FALSE
	EndGlobalSection
EndGlobal
